<?xml version="1.0" encoding="utf-8"?>
<Project ToolsVersion="4.0" xmlns="http://schemas.microsoft.com/developer/msbuild/2003">
  <ItemGroup>
    <ClCompile Include="CAppDev.cpp">
      <Filter>源文件</Filter>
    </ClCompile>
    <ClCompile Include="RFID.cpp">
      <Filter>源文件</Filter>
    </ClCompile>
    <ClCompile Include="CDebugger.cpp">
      <Filter>源文件</Filter>
    </ClCompile>
    <ClCompile Include="RFIDDlg.cpp">
      <Filter>源文件</Filter>
    </ClCompile>
    <ClCompile Include="stdafx.cpp">
      <Filter>源文件</Filter>
    </ClCompile>
  </ItemGroup>
  <ItemGroup>
    <ClInclude Include="CAppDev.h">
      <Filter>头文件</Filter>
    </ClInclude>
    <ClInclude Include="CDebugger.h">
      <Filter>头文件</Filter>
    </ClInclude>
    <ClInclude Include="Resource.h">
      <Filter>头文件</Filter>
    </ClInclude>
    <ClInclude Include="RFID.h">
      <Filter>头文件</Filter>
    </ClInclude>
    <ClInclude Include="stdafx.h">
      <Filter>头文件</Filter>
    </ClInclude>
    <ClInclude Include="targetver.h">
      <Filter>头文件</Filter>
    </ClInclude>
    <ClInclude Include="RFIDDlg.h">
      <Filter>头文件</Filter>
    </ClInclude>
    <ClInclude Include="ZM124U.h">
      <Filter>头文件</Filter>
    </ClInclude>
  </ItemGroup>
  <ItemGroup>
    <Filter Include="头文件">
      <UniqueIdentifier>{15187380-1220-43f6-bb2f-ed30de2ad742}</UniqueIdentifier>
    </Filter>
    <Filter Include="源文件">
      <UniqueIdentifier>{01857c1b-ad8f-4a5e-840b-b80d2c3ae873}</UniqueIdentifier>
    </Filter>
    <Filter Include="资源文件">
      <UniqueIdentifier>{34a55162-2996-4316-997f-75b313bf1631}</UniqueIdentifier>
    </Filter>
  </ItemGroup>
  <ItemGroup>
    <Image Include="res\RFID.ico">
      <Filter>资源文件</Filter>
    </Image>
  </ItemGroup>
  <ItemGroup>
    <ResourceCompile Include="RFID.rc">
      <Filter>资源文件</Filter>
    </ResourceCompile>
  </ItemGroup>
  <ItemGroup>
    <None Include="res\RFID.rc2">
      <Filter>资源文件</Filter>
    </None>
  </ItemGroup>
</Project>